
Microsoft Visual Studio Solution File, Format Version 12.00
# Visual Studio 15
VisualStudioVersion = 15.0.27428.2015
MinimumVisualStudioVersion = 10.0.40219.1
Project("{FAE04EC0-301F-11D3-BF4B-00C04F79EFBC}") = "DigitalPal.WebAPI", "DigitalPal.WebAPI\DigitalPal.WebAPI.csproj", "{A01E33FC-AD4F-4A8E-A446-51DBD45EB447}"
EndProject
Project("{9A19103F-16F7-4668-BE54-9A1E7A4F7556}") = "DigitalPal.Entities", "DigitalPal.Entities\DigitalPal.Entities.csproj", "{A48642B2-627C-4519-ADFD-A3B5833E6927}"
EndProject
Project("{9A19103F-16F7-4668-BE54-9A1E7A4F7556}") = "DigitalPal.Common", "DigitalPal.Common\DigitalPal.Common.csproj", "{41CBC9EC-8F75-43B4-8584-9BD8836338FF}"
EndProject
Project("{9A19103F-16F7-4668-BE54-9A1E7A4F7556}") = "DigitalPal.DataAccess.Interface", "DigitalPal.DataAccess.Interface\DigitalPal.DataAccess.Interface.csproj", "{E31EDC74-70B1-477C-9EFB-32E7B9D7FA79}"
EndProject
Project("{9A19103F-16F7-4668-BE54-9A1E7A4F7556}") = "DigitalPal.BusinessLogic", "DigitalPal.BusinessLogic\DigitalPal.BusinessLogic.csproj", "{FCABA6B3-FDDD-4906-BE50-764043E94EDE}"
EndProject
Project("{9A19103F-16F7-4668-BE54-9A1E7A4F7556}") = "DigitalPal.BusinessLogic.Interface", "DigitalPal.BusinessLogic.Interface\DigitalPal.BusinessLogic.Interface.csproj", "{9E98D392-1222-47F1-BB3A-A3AFD2F1113A}"
EndProject
Project("{FAE04EC0-301F-11D3-BF4B-00C04F79EFBC}") = "DigitalPal.DataAccess", "DigitalPal.DataLayer\DigitalPal.DataAccess.csproj", "{40FEDA9E-C69E-46FC-959F-00535E474359}"
EndProject
Global
	GlobalSection(SolutionConfigurationPlatforms) = preSolution
		Debug|Any CPU = Debug|Any CPU
		Debug|x64 = Debug|x64
		Release|Any CPU = Release|Any CPU
		Release|x64 = Release|x64
	EndGlobalSection
	GlobalSection(ProjectConfigurationPlatforms) = postSolution
		{A01E33FC-AD4F-4A8E-A446-51DBD45EB447}.Debug|Any CPU.ActiveCfg = Debug|Any CPU
		{A01E33FC-AD4F-4A8E-A446-51DBD45EB447}.Debug|Any CPU.Build.0 = Debug|Any CPU
		{A01E33FC-AD4F-4A8E-A446-51DBD45EB447}.Debug|x64.ActiveCfg = Debug|Any CPU
		{A01E33FC-AD4F-4A8E-A446-51DBD45EB447}.Debug|x64.Build.0 = Debug|Any CPU
		{A01E33FC-AD4F-4A8E-A446-51DBD45EB447}.Release|Any CPU.ActiveCfg = Release|Any CPU
		{A01E33FC-AD4F-4A8E-A446-51DBD45EB447}.Release|Any CPU.Build.0 = Release|Any CPU
		{A01E33FC-AD4F-4A8E-A446-51DBD45EB447}.Release|x64.ActiveCfg = Release|Any CPU
		{A01E33FC-AD4F-4A8E-A446-51DBD45EB447}.Release|x64.Build.0 = Release|Any CPU
		{A48642B2-627C-4519-ADFD-A3B5833E6927}.Debug|Any CPU.ActiveCfg = Debug|Any CPU
		{A48642B2-627C-4519-ADFD-A3B5833E6927}.Debug|Any CPU.Build.0 = Debug|Any CPU
		{A48642B2-627C-4519-ADFD-A3B5833E6927}.Debug|x64.ActiveCfg = Debug|Any CPU
		{A48642B2-627C-4519-ADFD-A3B5833E6927}.Debug|x64.Build.0 = Debug|Any CPU
		{A48642B2-627C-4519-ADFD-A3B5833E6927}.Release|Any CPU.ActiveCfg = Release|Any CPU
		{A48642B2-627C-4519-ADFD-A3B5833E6927}.Release|Any CPU.Build.0 = Release|Any CPU
		{A48642B2-627C-4519-ADFD-A3B5833E6927}.Release|x64.ActiveCfg = Release|Any CPU
		{A48642B2-627C-4519-ADFD-A3B5833E6927}.Release|x64.Build.0 = Release|Any CPU
		{41CBC9EC-8F75-43B4-8584-9BD8836338FF}.Debug|Any CPU.ActiveCfg = Debug|Any CPU
		{41CBC9EC-8F75-43B4-8584-9BD8836338FF}.Debug|Any CPU.Build.0 = Debug|Any CPU
		{41CBC9EC-8F75-43B4-8584-9BD8836338FF}.Debug|x64.ActiveCfg = Debug|Any CPU
		{41CBC9EC-8F75-43B4-8584-9BD8836338FF}.Debug|x64.Build.0 = Debug|Any CPU
		{41CBC9EC-8F75-43B4-8584-9BD8836338FF}.Release|Any CPU.ActiveCfg = Release|Any CPU
		{41CBC9EC-8F75-43B4-8584-9BD8836338FF}.Release|Any CPU.Build.0 = Release|Any CPU
		{41CBC9EC-8F75-43B4-8584-9BD8836338FF}.Release|x64.ActiveCfg = Release|Any CPU
		{41CBC9EC-8F75-43B4-8584-9BD8836338FF}.Release|x64.Build.0 = Release|Any CPU
		{E31EDC74-70B1-477C-9EFB-32E7B9D7FA79}.Debug|Any CPU.ActiveCfg = Debug|Any CPU
		{E31EDC74-70B1-477C-9EFB-32E7B9D7FA79}.Debug|Any CPU.Build.0 = Debug|Any CPU
		{E31EDC74-70B1-477C-9EFB-32E7B9D7FA79}.Debug|x64.ActiveCfg = Debug|Any CPU
		{E31EDC74-70B1-477C-9EFB-32E7B9D7FA79}.Debug|x64.Build.0 = Debug|Any CPU
		{E31EDC74-70B1-477C-9EFB-32E7B9D7FA79}.Release|Any CPU.ActiveCfg = Release|Any CPU
		{E31EDC74-70B1-477C-9EFB-32E7B9D7FA79}.Release|Any CPU.Build.0 = Release|Any CPU
		{E31EDC74-70B1-477C-9EFB-32E7B9D7FA79}.Release|x64.ActiveCfg = Release|Any CPU
		{E31EDC74-70B1-477C-9EFB-32E7B9D7FA79}.Release|x64.Build.0 = Release|Any CPU
		{FCABA6B3-FDDD-4906-BE50-764043E94EDE}.Debug|Any CPU.ActiveCfg = Debug|Any CPU
		{FCABA6B3-FDDD-4906-BE50-764043E94EDE}.Debug|Any CPU.Build.0 = Debug|Any CPU
		{FCABA6B3-FDDD-4906-BE50-764043E94EDE}.Debug|x64.ActiveCfg = Debug|Any CPU
		{FCABA6B3-FDDD-4906-BE50-764043E94EDE}.Debug|x64.Build.0 = Debug|Any CPU
		{FCABA6B3-FDDD-4906-BE50-764043E94EDE}.Release|Any CPU.ActiveCfg = Release|Any CPU
		{FCABA6B3-FDDD-4906-BE50-764043E94EDE}.Release|Any CPU.Build.0 = Release|Any CPU
		{FCABA6B3-FDDD-4906-BE50-764043E94EDE}.Release|x64.ActiveCfg = Release|x64
		{FCABA6B3-FDDD-4906-BE50-764043E94EDE}.Release|x64.Build.0 = Release|x64
		{9E98D392-1222-47F1-BB3A-A3AFD2F1113A}.Debug|Any CPU.ActiveCfg = Debug|Any CPU
		{9E98D392-1222-47F1-BB3A-A3AFD2F1113A}.Debug|Any CPU.Build.0 = Debug|Any CPU
		{9E98D392-1222-47F1-BB3A-A3AFD2F1113A}.Debug|x64.ActiveCfg = Debug|Any CPU
		{9E98D392-1222-47F1-BB3A-A3AFD2F1113A}.Debug|x64.Build.0 = Debug|Any CPU
		{9E98D392-1222-47F1-BB3A-A3AFD2F1113A}.Release|Any CPU.ActiveCfg = Release|Any CPU
		{9E98D392-1222-47F1-BB3A-A3AFD2F1113A}.Release|Any CPU.Build.0 = Release|Any CPU
		{9E98D392-1222-47F1-BB3A-A3AFD2F1113A}.Release|x64.ActiveCfg = Release|Any CPU
		{9E98D392-1222-47F1-BB3A-A3AFD2F1113A}.Release|x64.Build.0 = Release|Any CPU
		{40FEDA9E-C69E-46FC-959F-00535E474359}.Debug|Any CPU.ActiveCfg = Debug|Any CPU
		{40FEDA9E-C69E-46FC-959F-00535E474359}.Debug|Any CPU.Build.0 = Debug|Any CPU
		{40FEDA9E-C69E-46FC-959F-00535E474359}.Debug|x64.ActiveCfg = Debug|Any CPU
		{40FEDA9E-C69E-46FC-959F-00535E474359}.Debug|x64.Build.0 = Debug|Any CPU
		{40FEDA9E-C69E-46FC-959F-00535E474359}.Release|Any CPU.ActiveCfg = Release|Any CPU
		{40FEDA9E-C69E-46FC-959F-00535E474359}.Release|Any CPU.Build.0 = Release|Any CPU
		{40FEDA9E-C69E-46FC-959F-00535E474359}.Release|x64.ActiveCfg = Release|Any CPU
		{40FEDA9E-C69E-46FC-959F-00535E474359}.Release|x64.Build.0 = Release|Any CPU
	EndGlobalSection
	GlobalSection(SolutionProperties) = preSolution
		HideSolutionNode = FALSE
	EndGlobalSection
	GlobalSection(ExtensibilityGlobals) = postSolution
		SolutionGuid = {A9B5CA39-53C7-444C-9D8D-02B6CD18ECF0}
	EndGlobalSection
EndGlobal
